
Microsoft Visual Studio Solution File, Format Version 12.00
# Visual Studio 15
VisualStudioVersion = 15.0.26430.14
MinimumVisualStudioVersion = 10.0.40219.1
Project("{2150E333-8FDC-42A3-9474-1A3956D46DE8}") = "Testing", "Testing", "{43557EA0-BA56-47C1-BBFF-B59662F61116}"
EndProject
Project("{2150E333-8FDC-42A3-9474-1A3956D46DE8}") = "Core", "Core", "{251D09D8-2767-459D-9301-5EBDD6DEE8DC}"
EndProject
Project("{8BC9CEB8-8B4A-11D0-8D11-00A0C91BC942}") = "Tests", "src\core\private\Tests\Tests.vcxproj", "{FCE79668-3F55-4F23-8144-A3FD7EC19D98}"
	ProjectSection(ProjectDependencies) = postProject
		{79493342-78B1-4389-A2DD-2BCFACC31571} = {79493342-78B1-4389-A2DD-2BCFACC31571}
		{AD2C7FC0-2FEB-42EF-BC18-04F13C4D5A40} = {AD2C7FC0-2FEB-42EF-BC18-04F13C4D5A40}
		{8DB75AC3-EEC3-4235-BE94-CF62C035601D} = {8DB75AC3-EEC3-4235-BE94-CF62C035601D}
		{06AE16D3-4C8F-43C8-A4E0-6E3D1089293F} = {06AE16D3-4C8F-43C8-A4E0-6E3D1089293F}
		{2E5996FD-C559-4AD1-9541-9F9CC4D485B4} = {2E5996FD-C559-4AD1-9541-9F9CC4D485B4}
	EndProjectSection
EndProject
Project("{8BC9CEB8-8B4A-11D0-8D11-00A0C91BC942}") = "Engine", "src\core\private\Engine\Engine.vcxproj", "{2E5996FD-C559-4AD1-9541-9F9CC4D485B4}"
	ProjectSection(ProjectDependencies) = postProject
		{8DB75AC3-EEC3-4235-BE94-CF62C035601D} = {8DB75AC3-EEC3-4235-BE94-CF62C035601D}
	EndProjectSection
EndProject
Project("{8BC9CEB8-8B4A-11D0-8D11-00A0C91BC942}") = "Math", "src\core\private\Math\Math.vcxproj", "{06AE16D3-4C8F-43C8-A4E0-6E3D1089293F}"
EndProject
Project("{8BC9CEB8-8B4A-11D0-8D11-00A0C91BC942}") = "Utility", "src\core\private\Utility\Utility.vcxproj", "{79493342-78B1-4389-A2DD-2BCFACC31571}"
EndProject
Project("{8BC9CEB8-8B4A-11D0-8D11-00A0C91BC942}") = "Containers", "src\core\private\Containers\Containers.vcxproj", "{8DB75AC3-EEC3-4235-BE94-CF62C035601D}"
EndProject
Project("{2150E333-8FDC-42A3-9474-1A3956D46DE8}") = "Documentation", "Documentation", "{4D0C5A0B-BE9A-416D-BD7E-C234DDFCE51A}"
	ProjectSection(SolutionItems) = preProject
		src\core\public\doxygen.h = src\core\public\doxygen.h
	EndProjectSection
EndProject
Project("{8BC9CEB8-8B4A-11D0-8D11-00A0C91BC942}") = "cppunitlite", "src\core\private\cppunitlite\cppunitlite.vcxproj", "{AD2C7FC0-2FEB-42EF-BC18-04F13C4D5A40}"
EndProject
Global
	GlobalSection(SolutionConfigurationPlatforms) = preSolution
		Debug|Win32 = Debug|Win32
		Debug|x64 = Debug|x64
		Release|Win32 = Release|Win32
		Release|x64 = Release|x64
	EndGlobalSection
	GlobalSection(ProjectConfigurationPlatforms) = postSolution
		{FCE79668-3F55-4F23-8144-A3FD7EC19D98}.Debug|Win32.ActiveCfg = Debug|x64
		{FCE79668-3F55-4F23-8144-A3FD7EC19D98}.Debug|Win32.Build.0 = Debug|x64
		{FCE79668-3F55-4F23-8144-A3FD7EC19D98}.Debug|x64.ActiveCfg = Debug|x64
		{FCE79668-3F55-4F23-8144-A3FD7EC19D98}.Debug|x64.Build.0 = Debug|x64
		{FCE79668-3F55-4F23-8144-A3FD7EC19D98}.Release|Win32.ActiveCfg = Release|x64
		{FCE79668-3F55-4F23-8144-A3FD7EC19D98}.Release|Win32.Build.0 = Release|x64
		{FCE79668-3F55-4F23-8144-A3FD7EC19D98}.Release|x64.ActiveCfg = Release|x64
		{FCE79668-3F55-4F23-8144-A3FD7EC19D98}.Release|x64.Build.0 = Release|x64
		{2E5996FD-C559-4AD1-9541-9F9CC4D485B4}.Debug|Win32.ActiveCfg = Debug|x64
		{2E5996FD-C559-4AD1-9541-9F9CC4D485B4}.Debug|Win32.Build.0 = Debug|x64
		{2E5996FD-C559-4AD1-9541-9F9CC4D485B4}.Debug|x64.ActiveCfg = Debug|x64
		{2E5996FD-C559-4AD1-9541-9F9CC4D485B4}.Debug|x64.Build.0 = Debug|x64
		{2E5996FD-C559-4AD1-9541-9F9CC4D485B4}.Release|Win32.ActiveCfg = Release|x64
		{2E5996FD-C559-4AD1-9541-9F9CC4D485B4}.Release|Win32.Build.0 = Release|x64
		{2E5996FD-C559-4AD1-9541-9F9CC4D485B4}.Release|x64.ActiveCfg = Release|x64
		{2E5996FD-C559-4AD1-9541-9F9CC4D485B4}.Release|x64.Build.0 = Release|x64
		{06AE16D3-4C8F-43C8-A4E0-6E3D1089293F}.Debug|Win32.ActiveCfg = Debug|x64
		{06AE16D3-4C8F-43C8-A4E0-6E3D1089293F}.Debug|Win32.Build.0 = Debug|x64
		{06AE16D3-4C8F-43C8-A4E0-6E3D1089293F}.Debug|x64.ActiveCfg = Debug|x64
		{06AE16D3-4C8F-43C8-A4E0-6E3D1089293F}.Debug|x64.Build.0 = Debug|x64
		{06AE16D3-4C8F-43C8-A4E0-6E3D1089293F}.Release|Win32.ActiveCfg = Release|x64
		{06AE16D3-4C8F-43C8-A4E0-6E3D1089293F}.Release|Win32.Build.0 = Release|x64
		{06AE16D3-4C8F-43C8-A4E0-6E3D1089293F}.Release|x64.ActiveCfg = Release|x64
		{06AE16D3-4C8F-43C8-A4E0-6E3D1089293F}.Release|x64.Build.0 = Release|x64
		{79493342-78B1-4389-A2DD-2BCFACC31571}.Debug|Win32.ActiveCfg = Debug|x64
		{79493342-78B1-4389-A2DD-2BCFACC31571}.Debug|Win32.Build.0 = Debug|x64
		{79493342-78B1-4389-A2DD-2BCFACC31571}.Debug|x64.ActiveCfg = Debug|x64
		{79493342-78B1-4389-A2DD-2BCFACC31571}.Debug|x64.Build.0 = Debug|x64
		{79493342-78B1-4389-A2DD-2BCFACC31571}.Release|Win32.ActiveCfg = Release|x64
		{79493342-78B1-4389-A2DD-2BCFACC31571}.Release|Win32.Build.0 = Release|x64
		{79493342-78B1-4389-A2DD-2BCFACC31571}.Release|x64.ActiveCfg = Release|x64
		{79493342-78B1-4389-A2DD-2BCFACC31571}.Release|x64.Build.0 = Release|x64
		{8DB75AC3-EEC3-4235-BE94-CF62C035601D}.Debug|Win32.ActiveCfg = Debug|x64
		{8DB75AC3-EEC3-4235-BE94-CF62C035601D}.Debug|Win32.Build.0 = Debug|x64
		{8DB75AC3-EEC3-4235-BE94-CF62C035601D}.Debug|x64.ActiveCfg = Debug|x64
		{8DB75AC3-EEC3-4235-BE94-CF62C035601D}.Debug|x64.Build.0 = Debug|x64
		{8DB75AC3-EEC3-4235-BE94-CF62C035601D}.Release|Win32.ActiveCfg = Release|x64
		{8DB75AC3-EEC3-4235-BE94-CF62C035601D}.Release|Win32.Build.0 = Release|x64
		{8DB75AC3-EEC3-4235-BE94-CF62C035601D}.Release|x64.ActiveCfg = Release|x64
		{8DB75AC3-EEC3-4235-BE94-CF62C035601D}.Release|x64.Build.0 = Release|x64
		{AD2C7FC0-2FEB-42EF-BC18-04F13C4D5A40}.Debug|Win32.ActiveCfg = Debug|x64
		{AD2C7FC0-2FEB-42EF-BC18-04F13C4D5A40}.Debug|Win32.Build.0 = Debug|x64
		{AD2C7FC0-2FEB-42EF-BC18-04F13C4D5A40}.Debug|x64.ActiveCfg = Debug|x64
		{AD2C7FC0-2FEB-42EF-BC18-04F13C4D5A40}.Debug|x64.Build.0 = Debug|x64
		{AD2C7FC0-2FEB-42EF-BC18-04F13C4D5A40}.Release|Win32.ActiveCfg = Release|x64
		{AD2C7FC0-2FEB-42EF-BC18-04F13C4D5A40}.Release|Win32.Build.0 = Release|x64
		{AD2C7FC0-2FEB-42EF-BC18-04F13C4D5A40}.Release|x64.ActiveCfg = Release|x64
		{AD2C7FC0-2FEB-42EF-BC18-04F13C4D5A40}.Release|x64.Build.0 = Release|x64
	EndGlobalSection
	GlobalSection(SolutionProperties) = preSolution
		HideSolutionNode = FALSE
	EndGlobalSection
	GlobalSection(NestedProjects) = preSolution
		{FCE79668-3F55-4F23-8144-A3FD7EC19D98} = {43557EA0-BA56-47C1-BBFF-B59662F61116}
		{2E5996FD-C559-4AD1-9541-9F9CC4D485B4} = {251D09D8-2767-459D-9301-5EBDD6DEE8DC}
		{06AE16D3-4C8F-43C8-A4E0-6E3D1089293F} = {251D09D8-2767-459D-9301-5EBDD6DEE8DC}
		{79493342-78B1-4389-A2DD-2BCFACC31571} = {251D09D8-2767-459D-9301-5EBDD6DEE8DC}
		{8DB75AC3-EEC3-4235-BE94-CF62C035601D} = {251D09D8-2767-459D-9301-5EBDD6DEE8DC}
		{AD2C7FC0-2FEB-42EF-BC18-04F13C4D5A40} = {43557EA0-BA56-47C1-BBFF-B59662F61116}
	EndGlobalSection
EndGlobal
