<?xml version="1.0" encoding="utf-8"?>
<Project ToolsVersion="4.0" xmlns="http://schemas.microsoft.com/developer/msbuild/2003">
  <ItemGroup>
    <Filter Include="Resource Files">
      <UniqueIdentifier>{67DA6AB6-F800-4c08-8B7A-83BB121AAD01}</UniqueIdentifier>
      <Extensions>rc;ico;cur;bmp;dlg;rc2;rct;bin;rgs;gif;jpg;jpeg;jpe;resx;tiff;tif;png;wav;mfcribbon-ms</Extensions>
    </Filter>
    <Filter Include="Public Headers">
      <UniqueIdentifier>{f655ddc5-302d-4e45-b3ac-588d082502b1}</UniqueIdentifier>
    </Filter>
    <Filter Include="Private">
      <UniqueIdentifier>{079ad136-b0e6-44f3-bbcc-34b01fe1fe93}</UniqueIdentifier>
    </Filter>
    <Filter Include="Public Headers\deprecated">
      <UniqueIdentifier>{c14294e9-bcb6-4509-b327-aba8011e08a6}</UniqueIdentifier>
    </Filter>
  </ItemGroup>
  <ItemGroup>
    <ClInclude Include="..\..\public\Dg_shared_ptr.h">
      <Filter>Public Headers</Filter>
    </ClInclude>
    <ClInclude Include="..\..\public\impl\DgContainerBase.h">
      <Filter>Private</Filter>
    </ClInclude>
    <ClInclude Include="..\..\public\DgDoublyLinkedList.h">
      <Filter>Public Headers</Filter>
    </ClInclude>
    <ClInclude Include="..\..\public\DgDynamicArray.h">
      <Filter>Public Headers</Filter>
    </ClInclude>
    <ClInclude Include="..\..\public\DgCircularDoublyLinkedList.h">
      <Filter>Public Headers</Filter>
    </ClInclude>
    <ClInclude Include="..\..\public\DgOpenHashTable.h">
      <Filter>Public Headers</Filter>
    </ClInclude>
    <ClInclude Include="..\..\public\DgHyperArray.h">
      <Filter>Public Headers</Filter>
    </ClInclude>
    <ClInclude Include="..\..\public\DgVariableArray2D.h">
      <Filter>Public Headers</Filter>
    </ClInclude>
    <ClInclude Include="..\..\public\DgMap.h">
      <Filter>Public Headers\deprecated</Filter>
    </ClInclude>
    <ClInclude Include="..\..\public\DgQuadTree.h">
      <Filter>Public Headers\deprecated</Filter>
    </ClInclude>
    <ClInclude Include="..\..\public\DgStaticArray.h">
      <Filter>Public Headers</Filter>
    </ClInclude>
    <ClInclude Include="..\..\public\DgAVLTreeMap.h">
      <Filter>Public Headers</Filter>
    </ClInclude>
    <ClInclude Include="..\..\public\DgPair.h">
      <Filter>Public Headers</Filter>
    </ClInclude>
    <ClInclude Include="..\..\public\Dg_set.h">
      <Filter>Public Headers\deprecated</Filter>
    </ClInclude>
    <ClInclude Include="..\..\public\Dg_map.h">
      <Filter>Public Headers\deprecated</Filter>
    </ClInclude>
    <ClInclude Include="..\..\public\DgVariableList2D.h">
      <Filter>Public Headers\deprecated</Filter>
    </ClInclude>
  </ItemGroup>
  <ItemGroup>
    <ClCompile Include="DgContainerBase.cpp">
      <Filter>Private</Filter>
    </ClCompile>
    <ClCompile Include="DgHashTable.cpp">
      <Filter>Private</Filter>
    </ClCompile>
  </ItemGroup>
</Project>