<?xml version="1.0" encoding="utf-8"?>
<Project ToolsVersion="4.0" xmlns="http://schemas.microsoft.com/developer/msbuild/2003">
  <ItemGroup>
    <Filter Include="Source Files">
      <UniqueIdentifier>{4FC737F1-C7A5-4376-A066-2A32D752A2FF}</UniqueIdentifier>
      <Extensions>cpp;c;cc;cxx;def;odl;idl;hpj;bat;asm;asmx</Extensions>
    </Filter>
    <Filter Include="Header Files">
      <UniqueIdentifier>{93995380-89BD-4b04-88EB-625FBE52EBFB}</UniqueIdentifier>
      <Extensions>h;hh;hpp;hxx;hm;inl;inc;xsd</Extensions>
    </Filter>
    <Filter Include="Resource Files">
      <UniqueIdentifier>{67DA6AB6-F800-4c08-8B7A-83BB121AAD01}</UniqueIdentifier>
      <Extensions>rc;ico;cur;bmp;dlg;rc2;rct;bin;rgs;gif;jpg;jpeg;jpe;resx;tiff;tif;png;wav;mfcribbon-ms</Extensions>
    </Filter>
    <Filter Include="Attractors">
      <UniqueIdentifier>{4ea07e17-2ae1-49f7-8838-e4c190a58c26}</UniqueIdentifier>
    </Filter>
    <Filter Include="Updaters">
      <UniqueIdentifier>{d2a6dcd7-0344-4d9c-aa5a-2f2c219c7440}</UniqueIdentifier>
    </Filter>
    <Filter Include="Emitters">
      <UniqueIdentifier>{9005d236-728e-4fdf-a77c-bec04d92c3c8}</UniqueIdentifier>
    </Filter>
    <Filter Include="Generators">
      <UniqueIdentifier>{8ed3769f-a941-438d-af30-e43d1200d923}</UniqueIdentifier>
    </Filter>
    <Filter Include="Shaders">
      <UniqueIdentifier>{361478dc-f80b-4f32-95e9-a7563867a75a}</UniqueIdentifier>
    </Filter>
    <Filter Include="imgui">
      <UniqueIdentifier>{e0da95fc-9ce4-43fd-bb0d-812013a98359}</UniqueIdentifier>
    </Filter>
    <Filter Include="json">
      <UniqueIdentifier>{a54c31c5-238e-4ef4-aa0e-a97f3e56225b}</UniqueIdentifier>
    </Filter>
  </ItemGroup>
  <ItemGroup>
    <ClCompile Include="main.cpp">
      <Filter>Source Files</Filter>
    </ClCompile>
    <ClCompile Include="Renderer.cpp">
      <Filter>Source Files</Filter>
    </ClCompile>
    <ClCompile Include="imgui_impl_glfw_gl3.cpp">
      <Filter>Source Files</Filter>
    </ClCompile>
    <ClCompile Include="imgui\imgui.cpp">
      <Filter>imgui</Filter>
    </ClCompile>
    <ClCompile Include="imgui\imgui_demo.cpp">
      <Filter>imgui</Filter>
    </ClCompile>
    <ClCompile Include="imgui\imgui_draw.cpp">
      <Filter>imgui</Filter>
    </ClCompile>
    <ClCompile Include="UI.cpp">
      <Filter>Source Files</Filter>
    </ClCompile>
    <ClCompile Include="EmitterFactory.cpp">
      <Filter>Source Files</Filter>
    </ClCompile>
    <ClCompile Include="AttractorFactory.cpp">
      <Filter>Source Files</Filter>
    </ClCompile>
    <ClCompile Include="jsoncpp.cpp">
      <Filter>json</Filter>
    </ClCompile>
    <ClCompile Include="EventManager.cpp">
      <Filter>Source Files</Filter>
    </ClCompile>
    <ClCompile Include="Events.cpp">
      <Filter>Source Files</Filter>
    </ClCompile>
    <ClCompile Include="Application_UI.cpp">
      <Filter>Source Files</Filter>
    </ClCompile>
    <ClCompile Include="Application_main.cpp">
      <Filter>Source Files</Filter>
    </ClCompile>
    <ClCompile Include="Application_parSys.cpp">
      <Filter>Source Files</Filter>
    </ClCompile>
  </ItemGroup>
  <ItemGroup>
    <ClInclude Include="UpdaterLife.h">
      <Filter>Updaters</Filter>
    </ClInclude>
    <ClInclude Include="AttractorPoint.h">
      <Filter>Attractors</Filter>
    </ClInclude>
    <ClInclude Include="AttractorPlane.h">
      <Filter>Attractors</Filter>
    </ClInclude>
    <ClInclude Include="AttractorLine.h">
      <Filter>Attractors</Filter>
    </ClInclude>
    <ClInclude Include="UpdaterEuler.h">
      <Filter>Updaters</Filter>
    </ClInclude>
    <ClInclude Include="UpdaterColor.h">
      <Filter>Updaters</Filter>
    </ClInclude>
    <ClInclude Include="AttractorGlobal.h">
      <Filter>Attractors</Filter>
    </ClInclude>
    <ClInclude Include="EmitterLinear.h">
      <Filter>Emitters</Filter>
    </ClInclude>
    <ClInclude Include="GenVelCone.h">
      <Filter>Generators</Filter>
    </ClInclude>
    <ClInclude Include="GenPosPoint.h">
      <Filter>Generators</Filter>
    </ClInclude>
    <ClInclude Include="Application.h">
      <Filter>Source Files</Filter>
    </ClInclude>
    <ClInclude Include="GenColor.h">
      <Filter>Generators</Filter>
    </ClInclude>
    <ClInclude Include="Renderer.h">
      <Filter>Source Files</Filter>
    </ClInclude>
    <ClInclude Include="GenLife.h">
      <Filter>Generators</Filter>
    </ClInclude>
    <ClInclude Include="imgui_impl_glfw_gl3.h">
      <Filter>Source Files</Filter>
    </ClInclude>
    <ClInclude Include="imgui\imconfig.h">
      <Filter>imgui</Filter>
    </ClInclude>
    <ClInclude Include="imgui\imgui.h">
      <Filter>imgui</Filter>
    </ClInclude>
    <ClInclude Include="imgui\imgui_internal.h">
      <Filter>imgui</Filter>
    </ClInclude>
    <ClInclude Include="imgui\stb_rect_pack.h">
      <Filter>imgui</Filter>
    </ClInclude>
    <ClInclude Include="imgui\stb_textedit.h">
      <Filter>imgui</Filter>
    </ClInclude>
    <ClInclude Include="imgui\stb_truetype.h">
      <Filter>imgui</Filter>
    </ClInclude>
    <ClInclude Include="UpdaterSize.h">
      <Filter>Updaters</Filter>
    </ClInclude>
    <ClInclude Include="GenSize.h">
      <Filter>Generators</Filter>
    </ClInclude>
    <ClInclude Include="UI.h">
      <Filter>Source Files</Filter>
    </ClInclude>
    <ClInclude Include="EmitterRandom.h">
      <Filter>Emitters</Filter>
    </ClInclude>
    <ClInclude Include="Pulse.h">
      <Filter>Attractors</Filter>
    </ClInclude>
    <ClInclude Include="GenPosSphere.h">
      <Filter>Generators</Filter>
    </ClInclude>
    <ClInclude Include="GenVelOutwards.h">
      <Filter>Generators</Filter>
    </ClInclude>
    <ClInclude Include="Types.h">
      <Filter>Source Files</Filter>
    </ClInclude>
    <ClInclude Include="EmitterFactory.h">
      <Filter>Source Files</Filter>
    </ClInclude>
    <ClInclude Include="AttractorFactory.h">
      <Filter>Source Files</Filter>
    </ClInclude>
    <ClInclude Include="UpdaterRelativeForce.h">
      <Filter>Updaters</Filter>
    </ClInclude>
    <ClInclude Include="GenRelativeForce.h">
      <Filter>Generators</Filter>
    </ClInclude>
    <ClInclude Include="json\json.h">
      <Filter>json</Filter>
    </ClInclude>
    <ClInclude Include="json\json-forwards.h">
      <Filter>json</Filter>
    </ClInclude>
    <ClInclude Include="UpdaterResetAccel.h">
      <Filter>Updaters</Filter>
    </ClInclude>
    <ClInclude Include="EventManager.h">
      <Filter>Source Files</Filter>
    </ClInclude>
    <ClInclude Include="Events.h">
      <Filter>Source Files</Filter>
    </ClInclude>
  </ItemGroup>
  <ItemGroup>
    <None Include="config.ini">
      <Filter>Resource Files</Filter>
    </None>
    <None Include="pt_fs.glsl">
      <Filter>Shaders</Filter>
    </None>
    <None Include="ln_fs.glsl">
      <Filter>Shaders</Filter>
    </None>
    <None Include="pt_vs.glsl">
      <Filter>Shaders</Filter>
    </None>
    <None Include="ln_vs.glsl">
      <Filter>Shaders</Filter>
    </None>
    <None Include="imgui.ini">
      <Filter>imgui</Filter>
    </None>
  </ItemGroup>
</Project>