
Microsoft Visual Studio Solution File, Format Version 12.00
# Visual Studio 15
VisualStudioVersion = 15.0.26403.7
MinimumVisualStudioVersion = 10.0.40219.1
Project("{8BC9CEB8-8B4A-11D0-8D11-00A0C91BC942}") = "ParticleSystem", "ParticleSystem\ParticleSystem.vcxproj", "{052ABC9D-1140-46DD-A674-BE6D9387311A}"
EndProject
Project("{8BC9CEB8-8B4A-11D0-8D11-00A0C91BC942}") = "TableGeneration", "TableGeneration\TableGeneration.vcxproj", "{3817EDF8-EDB6-48DD-96D2-2A3C76FCD194}"
EndProject
Project("{8BC9CEB8-8B4A-11D0-8D11-00A0C91BC942}") = "VQSDemo", "VQSDemo\VQSDemo.vcxproj", "{BC34A977-36CE-4B8B-9543-A49F615FEFA5}"
EndProject
Project("{8BC9CEB8-8B4A-11D0-8D11-00A0C91BC942}") = "ExplodingObjects", "ExplodingObjects\ExplodingObjects.vcxproj", "{6DAE9DBB-61C9-42F2-8664-D7FC717FE5B5}"
EndProject
Project("{8BC9CEB8-8B4A-11D0-8D11-00A0C91BC942}") = "BSPTree", "BSPTree\BSPTree.vcxproj", "{80E70A37-F5BE-48CF-B02F-54722C4DB7DE}"
EndProject
Project("{8BC9CEB8-8B4A-11D0-8D11-00A0C91BC942}") = "AppLib", "AppLib\AppLib.vcxproj", "{501E62B1-A652-4086-A3F5-245912A86932}"
EndProject
Project("{8BC9CEB8-8B4A-11D0-8D11-00A0C91BC942}") = "Stopwatch", "Stopwatch\Stopwatch.vcxproj", "{8AB1003D-4444-47FA-89AD-B8C3AC7841F4}"
	ProjectSection(ProjectDependencies) = postProject
		{501E62B1-A652-4086-A3F5-245912A86932} = {501E62B1-A652-4086-A3F5-245912A86932}
	EndProjectSection
EndProject
Project("{8BC9CEB8-8B4A-11D0-8D11-00A0C91BC942}") = "IPC_TCP_Common", "IPC_TCP_Common\IPC_TCP_Common.vcxproj", "{B3A7DC35-F89F-4FE6-ADEA-2BF3A78C557C}"
EndProject
Project("{8BC9CEB8-8B4A-11D0-8D11-00A0C91BC942}") = "IPC_TCP_Server", "IPC_TCP_Server\IPC_TCP_Server.vcxproj", "{28782FAB-FC97-46BE-86EA-A1C29806C613}"
	ProjectSection(ProjectDependencies) = postProject
		{B3A7DC35-F89F-4FE6-ADEA-2BF3A78C557C} = {B3A7DC35-F89F-4FE6-ADEA-2BF3A78C557C}
		{501E62B1-A652-4086-A3F5-245912A86932} = {501E62B1-A652-4086-A3F5-245912A86932}
	EndProjectSection
EndProject
Project("{8BC9CEB8-8B4A-11D0-8D11-00A0C91BC942}") = "IPC_TCP_Plugin", "IPC_TCP_Plugin\IPC_TCP_Plugin.vcxproj", "{96A65B82-E7FC-4D1F-9D38-11ED85CE4910}"
	ProjectSection(ProjectDependencies) = postProject
		{B3A7DC35-F89F-4FE6-ADEA-2BF3A78C557C} = {B3A7DC35-F89F-4FE6-ADEA-2BF3A78C557C}
	EndProjectSection
EndProject
Global
	GlobalSection(SolutionConfigurationPlatforms) = preSolution
		Debug|Win32 = Debug|Win32
		Debug|x64 = Debug|x64
		Release|Win32 = Release|Win32
		Release|x64 = Release|x64
	EndGlobalSection
	GlobalSection(ProjectConfigurationPlatforms) = postSolution
		{052ABC9D-1140-46DD-A674-BE6D9387311A}.Debug|Win32.ActiveCfg = Debug|Win32
		{052ABC9D-1140-46DD-A674-BE6D9387311A}.Debug|Win32.Build.0 = Debug|Win32
		{052ABC9D-1140-46DD-A674-BE6D9387311A}.Debug|x64.ActiveCfg = Debug|x64
		{052ABC9D-1140-46DD-A674-BE6D9387311A}.Debug|x64.Build.0 = Debug|x64
		{052ABC9D-1140-46DD-A674-BE6D9387311A}.Release|Win32.ActiveCfg = Release|Win32
		{052ABC9D-1140-46DD-A674-BE6D9387311A}.Release|Win32.Build.0 = Release|Win32
		{052ABC9D-1140-46DD-A674-BE6D9387311A}.Release|x64.ActiveCfg = Release|x64
		{052ABC9D-1140-46DD-A674-BE6D9387311A}.Release|x64.Build.0 = Release|x64
		{3817EDF8-EDB6-48DD-96D2-2A3C76FCD194}.Debug|Win32.ActiveCfg = Debug|Win32
		{3817EDF8-EDB6-48DD-96D2-2A3C76FCD194}.Debug|Win32.Build.0 = Debug|Win32
		{3817EDF8-EDB6-48DD-96D2-2A3C76FCD194}.Debug|x64.ActiveCfg = Debug|x64
		{3817EDF8-EDB6-48DD-96D2-2A3C76FCD194}.Debug|x64.Build.0 = Debug|x64
		{3817EDF8-EDB6-48DD-96D2-2A3C76FCD194}.Release|Win32.ActiveCfg = Release|Win32
		{3817EDF8-EDB6-48DD-96D2-2A3C76FCD194}.Release|Win32.Build.0 = Release|Win32
		{3817EDF8-EDB6-48DD-96D2-2A3C76FCD194}.Release|x64.ActiveCfg = Release|x64
		{3817EDF8-EDB6-48DD-96D2-2A3C76FCD194}.Release|x64.Build.0 = Release|x64
		{BC34A977-36CE-4B8B-9543-A49F615FEFA5}.Debug|Win32.ActiveCfg = Debug|Win32
		{BC34A977-36CE-4B8B-9543-A49F615FEFA5}.Debug|Win32.Build.0 = Debug|Win32
		{BC34A977-36CE-4B8B-9543-A49F615FEFA5}.Debug|x64.ActiveCfg = Debug|x64
		{BC34A977-36CE-4B8B-9543-A49F615FEFA5}.Debug|x64.Build.0 = Debug|x64
		{BC34A977-36CE-4B8B-9543-A49F615FEFA5}.Release|Win32.ActiveCfg = Release|Win32
		{BC34A977-36CE-4B8B-9543-A49F615FEFA5}.Release|Win32.Build.0 = Release|Win32
		{BC34A977-36CE-4B8B-9543-A49F615FEFA5}.Release|x64.ActiveCfg = Release|x64
		{BC34A977-36CE-4B8B-9543-A49F615FEFA5}.Release|x64.Build.0 = Release|x64
		{6DAE9DBB-61C9-42F2-8664-D7FC717FE5B5}.Debug|Win32.ActiveCfg = Debug|Win32
		{6DAE9DBB-61C9-42F2-8664-D7FC717FE5B5}.Debug|Win32.Build.0 = Debug|Win32
		{6DAE9DBB-61C9-42F2-8664-D7FC717FE5B5}.Debug|x64.ActiveCfg = Debug|x64
		{6DAE9DBB-61C9-42F2-8664-D7FC717FE5B5}.Debug|x64.Build.0 = Debug|x64
		{6DAE9DBB-61C9-42F2-8664-D7FC717FE5B5}.Release|Win32.ActiveCfg = Release|Win32
		{6DAE9DBB-61C9-42F2-8664-D7FC717FE5B5}.Release|Win32.Build.0 = Release|Win32
		{6DAE9DBB-61C9-42F2-8664-D7FC717FE5B5}.Release|x64.ActiveCfg = Release|x64
		{6DAE9DBB-61C9-42F2-8664-D7FC717FE5B5}.Release|x64.Build.0 = Release|x64
		{80E70A37-F5BE-48CF-B02F-54722C4DB7DE}.Debug|Win32.ActiveCfg = Debug|Win32
		{80E70A37-F5BE-48CF-B02F-54722C4DB7DE}.Debug|Win32.Build.0 = Debug|Win32
		{80E70A37-F5BE-48CF-B02F-54722C4DB7DE}.Debug|x64.ActiveCfg = Debug|x64
		{80E70A37-F5BE-48CF-B02F-54722C4DB7DE}.Debug|x64.Build.0 = Debug|x64
		{80E70A37-F5BE-48CF-B02F-54722C4DB7DE}.Release|Win32.ActiveCfg = Release|Win32
		{80E70A37-F5BE-48CF-B02F-54722C4DB7DE}.Release|Win32.Build.0 = Release|Win32
		{80E70A37-F5BE-48CF-B02F-54722C4DB7DE}.Release|x64.ActiveCfg = Release|x64
		{80E70A37-F5BE-48CF-B02F-54722C4DB7DE}.Release|x64.Build.0 = Release|x64
		{501E62B1-A652-4086-A3F5-245912A86932}.Debug|Win32.ActiveCfg = Debug|Win32
		{501E62B1-A652-4086-A3F5-245912A86932}.Debug|Win32.Build.0 = Debug|Win32
		{501E62B1-A652-4086-A3F5-245912A86932}.Debug|x64.ActiveCfg = Debug|x64
		{501E62B1-A652-4086-A3F5-245912A86932}.Debug|x64.Build.0 = Debug|x64
		{501E62B1-A652-4086-A3F5-245912A86932}.Release|Win32.ActiveCfg = Release|Win32
		{501E62B1-A652-4086-A3F5-245912A86932}.Release|Win32.Build.0 = Release|Win32
		{501E62B1-A652-4086-A3F5-245912A86932}.Release|x64.ActiveCfg = Release|x64
		{501E62B1-A652-4086-A3F5-245912A86932}.Release|x64.Build.0 = Release|x64
		{8AB1003D-4444-47FA-89AD-B8C3AC7841F4}.Debug|Win32.ActiveCfg = Debug|Win32
		{8AB1003D-4444-47FA-89AD-B8C3AC7841F4}.Debug|Win32.Build.0 = Debug|Win32
		{8AB1003D-4444-47FA-89AD-B8C3AC7841F4}.Debug|x64.ActiveCfg = Debug|x64
		{8AB1003D-4444-47FA-89AD-B8C3AC7841F4}.Debug|x64.Build.0 = Debug|x64
		{8AB1003D-4444-47FA-89AD-B8C3AC7841F4}.Release|Win32.ActiveCfg = Release|Win32
		{8AB1003D-4444-47FA-89AD-B8C3AC7841F4}.Release|Win32.Build.0 = Release|Win32
		{8AB1003D-4444-47FA-89AD-B8C3AC7841F4}.Release|x64.ActiveCfg = Release|x64
		{8AB1003D-4444-47FA-89AD-B8C3AC7841F4}.Release|x64.Build.0 = Release|x64
		{B3A7DC35-F89F-4FE6-ADEA-2BF3A78C557C}.Debug|Win32.ActiveCfg = Debug|Win32
		{B3A7DC35-F89F-4FE6-ADEA-2BF3A78C557C}.Debug|Win32.Build.0 = Debug|Win32
		{B3A7DC35-F89F-4FE6-ADEA-2BF3A78C557C}.Debug|x64.ActiveCfg = Debug|x64
		{B3A7DC35-F89F-4FE6-ADEA-2BF3A78C557C}.Debug|x64.Build.0 = Debug|x64
		{B3A7DC35-F89F-4FE6-ADEA-2BF3A78C557C}.Release|Win32.ActiveCfg = Release|Win32
		{B3A7DC35-F89F-4FE6-ADEA-2BF3A78C557C}.Release|Win32.Build.0 = Release|Win32
		{B3A7DC35-F89F-4FE6-ADEA-2BF3A78C557C}.Release|x64.ActiveCfg = Release|x64
		{B3A7DC35-F89F-4FE6-ADEA-2BF3A78C557C}.Release|x64.Build.0 = Release|x64
		{28782FAB-FC97-46BE-86EA-A1C29806C613}.Debug|Win32.ActiveCfg = Debug|Win32
		{28782FAB-FC97-46BE-86EA-A1C29806C613}.Debug|Win32.Build.0 = Debug|Win32
		{28782FAB-FC97-46BE-86EA-A1C29806C613}.Debug|x64.ActiveCfg = Debug|x64
		{28782FAB-FC97-46BE-86EA-A1C29806C613}.Debug|x64.Build.0 = Debug|x64
		{28782FAB-FC97-46BE-86EA-A1C29806C613}.Release|Win32.ActiveCfg = Release|Win32
		{28782FAB-FC97-46BE-86EA-A1C29806C613}.Release|Win32.Build.0 = Release|Win32
		{28782FAB-FC97-46BE-86EA-A1C29806C613}.Release|x64.ActiveCfg = Release|x64
		{28782FAB-FC97-46BE-86EA-A1C29806C613}.Release|x64.Build.0 = Release|x64
		{96A65B82-E7FC-4D1F-9D38-11ED85CE4910}.Debug|Win32.ActiveCfg = Debug|Win32
		{96A65B82-E7FC-4D1F-9D38-11ED85CE4910}.Debug|Win32.Build.0 = Debug|Win32
		{96A65B82-E7FC-4D1F-9D38-11ED85CE4910}.Debug|x64.ActiveCfg = Debug|x64
		{96A65B82-E7FC-4D1F-9D38-11ED85CE4910}.Debug|x64.Build.0 = Debug|x64
		{96A65B82-E7FC-4D1F-9D38-11ED85CE4910}.Release|Win32.ActiveCfg = Release|Win32
		{96A65B82-E7FC-4D1F-9D38-11ED85CE4910}.Release|Win32.Build.0 = Release|Win32
		{96A65B82-E7FC-4D1F-9D38-11ED85CE4910}.Release|x64.ActiveCfg = Release|x64
		{96A65B82-E7FC-4D1F-9D38-11ED85CE4910}.Release|x64.Build.0 = Release|x64
	EndGlobalSection
	GlobalSection(SolutionProperties) = preSolution
		HideSolutionNode = FALSE
	EndGlobalSection
EndGlobal
