<?xml version="1.0" encoding="utf-8"?>
<Project ToolsVersion="4.0" xmlns="http://schemas.microsoft.com/developer/msbuild/2003">
  <ItemGroup>
    <Filter Include="Source Files">
      <UniqueIdentifier>{4FC737F1-C7A5-4376-A066-2A32D752A2FF}</UniqueIdentifier>
      <Extensions>cpp;c;cc;cxx;def;odl;idl;hpj;bat;asm;asmx</Extensions>
    </Filter>
    <Filter Include="Header Files">
      <UniqueIdentifier>{93995380-89BD-4b04-88EB-625FBE52EBFB}</UniqueIdentifier>
      <Extensions>h;hh;hpp;hxx;hm;inl;inc;xsd</Extensions>
    </Filter>
    <Filter Include="ImGui">
      <UniqueIdentifier>{c12b3c7c-4106-4e15-ab60-3487d0e0e5ce}</UniqueIdentifier>
    </Filter>
    <Filter Include="public">
      <UniqueIdentifier>{9ef771a5-1f0a-4a1e-bb5d-0705a8f69bc1}</UniqueIdentifier>
    </Filter>
    <Filter Include="public\Renderer">
      <UniqueIdentifier>{72feffcd-2f1e-465c-a706-7056c850e016}</UniqueIdentifier>
    </Filter>
    <Filter Include="Source Files\Renderer">
      <UniqueIdentifier>{d1ffff25-f902-4b30-8efb-721341963a8a}</UniqueIdentifier>
    </Filter>
  </ItemGroup>
  <ItemGroup>
    <ClInclude Include="EventManager.h">
      <Filter>Source Files</Filter>
    </ClInclude>
    <ClInclude Include="..\..\..\3rd_party\imgui\imgui_internal.h">
      <Filter>ImGui</Filter>
    </ClInclude>
    <ClInclude Include="..\..\..\3rd_party\imgui\stb_rect_pack.h">
      <Filter>ImGui</Filter>
    </ClInclude>
    <ClInclude Include="..\..\..\3rd_party\imgui\stb_textedit.h">
      <Filter>ImGui</Filter>
    </ClInclude>
    <ClInclude Include="..\..\..\3rd_party\imgui\stb_truetype.h">
      <Filter>ImGui</Filter>
    </ClInclude>
    <ClInclude Include="imgui_impl_glfw_gl3.h">
      <Filter>Source Files</Filter>
    </ClInclude>
    <ClInclude Include="DgApp.h">
      <Filter>public</Filter>
    </ClInclude>
    <ClInclude Include="Event.h">
      <Filter>public</Filter>
    </ClInclude>
    <ClInclude Include="..\..\..\3rd_party\imgui\imgui.h">
      <Filter>public</Filter>
    </ClInclude>
    <ClInclude Include="..\..\..\3rd_party\imgui\imconfig.h">
      <Filter>public</Filter>
    </ClInclude>
    <ClInclude Include="Mod_Renderer_LineMesh.h">
      <Filter>public\Renderer</Filter>
    </ClInclude>
    <ClInclude Include="Mod_Renderer_TriangleMesh.h">
      <Filter>public\Renderer</Filter>
    </ClInclude>
    <ClInclude Include="Mod_Renderer_Context.h">
      <Filter>Source Files\Renderer</Filter>
    </ClInclude>
    <ClInclude Include="Mod_Renderer_ContextLine.h">
      <Filter>Source Files\Renderer</Filter>
    </ClInclude>
    <ClInclude Include="Mod_Renderer_ContextTriangle.h">
      <Filter>Source Files\Renderer</Filter>
    </ClInclude>
    <ClInclude Include="Mod_Renderer_Logger.h">
      <Filter>Source Files\Renderer</Filter>
    </ClInclude>
    <ClInclude Include="Mod_Renderer_Renderer.h">
      <Filter>public\Renderer</Filter>
    </ClInclude>
    <ClInclude Include="Mod_Window_Window.h">
      <Filter>public\Renderer</Filter>
    </ClInclude>
    <ClInclude Include="Mod_Window_Window_ImGui.h">
      <Filter>Source Files\Renderer</Filter>
    </ClInclude>
    <ClInclude Include="Mod_Window_Window_Viewport.h">
      <Filter>Source Files\Renderer</Filter>
    </ClInclude>
    <ClInclude Include="Mod_Renderer_Common.h">
      <Filter>Source Files\Renderer</Filter>
    </ClInclude>
  </ItemGroup>
  <ItemGroup>
    <ClCompile Include="DgApp.cpp">
      <Filter>Source Files</Filter>
    </ClCompile>
    <ClCompile Include="EventManager.cpp">
      <Filter>Source Files</Filter>
    </ClCompile>
    <ClCompile Include="..\..\..\3rd_party\imgui\imgui.cpp">
      <Filter>ImGui</Filter>
    </ClCompile>
    <ClCompile Include="..\..\..\3rd_party\imgui\imgui_demo.cpp">
      <Filter>ImGui</Filter>
    </ClCompile>
    <ClCompile Include="..\..\..\3rd_party\imgui\imgui_draw.cpp">
      <Filter>ImGui</Filter>
    </ClCompile>
    <ClCompile Include="imgui_impl_glfw_gl3.cpp">
      <Filter>Source Files</Filter>
    </ClCompile>
    <ClCompile Include="main.cpp">
      <Filter>Source Files</Filter>
    </ClCompile>
    <ClCompile Include="Mod_Renderer_Context.cpp">
      <Filter>Source Files\Renderer</Filter>
    </ClCompile>
    <ClCompile Include="Mod_Renderer_ContextLine.cpp">
      <Filter>Source Files\Renderer</Filter>
    </ClCompile>
    <ClCompile Include="Mod_Renderer_Logger.cpp">
      <Filter>Source Files\Renderer</Filter>
    </ClCompile>
    <ClCompile Include="Mod_Renderer_Renderer.cpp">
      <Filter>Source Files\Renderer</Filter>
    </ClCompile>
    <ClCompile Include="Mod_Window_Window_ImGui.cpp">
      <Filter>Source Files\Renderer</Filter>
    </ClCompile>
    <ClCompile Include="Mod_Window_Window_Viewport.cpp">
      <Filter>Source Files\Renderer</Filter>
    </ClCompile>
    <ClCompile Include="Mod_Window_Window.cpp">
      <Filter>Source Files\Renderer</Filter>
    </ClCompile>
    <ClCompile Include="Mod_Window_WindowFactory.cpp">
      <Filter>Source Files\Renderer</Filter>
    </ClCompile>
    <ClCompile Include="Mod_Renderer_Common.cpp">
      <Filter>Source Files\Renderer</Filter>
    </ClCompile>
  </ItemGroup>
  <ItemGroup>
    <None Include="config.ini">
      <Filter>public</Filter>
    </None>
    <None Include="Mod_Renderer_fs_line.glsl">
      <Filter>Source Files\Renderer</Filter>
    </None>
    <None Include="Mod_Renderer_fs_triangle.glsl">
      <Filter>Source Files\Renderer</Filter>
    </None>
    <None Include="Mod_Renderer_vs_line.glsl">
      <Filter>Source Files\Renderer</Filter>
    </None>
    <None Include="Mod_Renderer_vs_triangle.glsl">
      <Filter>Source Files\Renderer</Filter>
    </None>
    <None Include="Mod_Window_vs.glsl">
      <Filter>Source Files\Renderer</Filter>
    </None>
    <None Include="Mod_Window_fs.glsl">
      <Filter>Source Files\Renderer</Filter>
    </None>
  </ItemGroup>
</Project>