<?xml version="1.0" encoding="utf-8"?>
<Project ToolsVersion="4.0" xmlns="http://schemas.microsoft.com/developer/msbuild/2003">
  <ItemGroup>
    <Filter Include="Source Files">
      <UniqueIdentifier>{4FC737F1-C7A5-4376-A066-2A32D752A2FF}</UniqueIdentifier>
      <Extensions>cpp;c;cc;cxx;def;odl;idl;hpj;bat;asm;asmx</Extensions>
    </Filter>
    <Filter Include="Resource Files">
      <UniqueIdentifier>{67DA6AB6-F800-4c08-8B7A-83BB121AAD01}</UniqueIdentifier>
      <Extensions>rc;ico;cur;bmp;dlg;rc2;rct;bin;rgs;gif;jpg;jpeg;jpe;resx;tiff;tif;png;wav;mfcribbon-ms</Extensions>
    </Filter>
    <Filter Include="Geomety 3D">
      <UniqueIdentifier>{99caceb7-2a4b-45d8-9969-6ec81e620cb8}</UniqueIdentifier>
    </Filter>
    <Filter Include="Public Headers">
      <UniqueIdentifier>{93995380-89BD-4b04-88EB-625FBE52EBFB}</UniqueIdentifier>
      <Extensions>h;hh;hpp;hxx;hm;inl;inc;xsd</Extensions>
    </Filter>
    <Filter Include="Public Headers\Query">
      <UniqueIdentifier>{34dd14d9-e48d-4266-adc0-d8b912b5e78c}</UniqueIdentifier>
    </Filter>
  </ItemGroup>
  <ItemGroup>
    <ClCompile Include="DgRNG.cpp">
      <Filter>Source Files</Filter>
    </ClCompile>
    <ClCompile Include="DgMath.cpp">
      <Filter>Source Files</Filter>
    </ClCompile>
  </ItemGroup>
  <ItemGroup>
    <ClInclude Include="..\..\public\DgBoundedSND.h">
      <Filter>Public Headers</Filter>
    </ClInclude>
    <ClInclude Include="..\..\public\DgLine.h">
      <Filter>Public Headers</Filter>
    </ClInclude>
    <ClInclude Include="..\..\public\DgMath.h">
      <Filter>Public Headers</Filter>
    </ClInclude>
    <ClInclude Include="..\..\public\DgMatrix.h">
      <Filter>Public Headers</Filter>
    </ClInclude>
    <ClInclude Include="..\..\public\DgMatrix44.h">
      <Filter>Public Headers</Filter>
    </ClInclude>
    <ClInclude Include="..\..\public\DgPlane.h">
      <Filter>Public Headers</Filter>
    </ClInclude>
    <ClInclude Include="..\..\public\DgQuaternion.h">
      <Filter>Public Headers</Filter>
    </ClInclude>
    <ClInclude Include="..\..\public\DgRNG.h">
      <Filter>Public Headers</Filter>
    </ClInclude>
    <ClInclude Include="..\..\public\DgVector4.h">
      <Filter>Public Headers</Filter>
    </ClInclude>
    <ClInclude Include="..\..\public\DgVQS.h">
      <Filter>Public Headers</Filter>
    </ClInclude>
    <ClInclude Include="..\..\public\DgRay.h">
      <Filter>Public Headers</Filter>
    </ClInclude>
    <ClInclude Include="..\..\public\DgLineSegment.h">
      <Filter>Public Headers</Filter>
    </ClInclude>
    <ClInclude Include="..\..\public\query\DgDCPQuery.h">
      <Filter>Public Headers\Query</Filter>
    </ClInclude>
    <ClInclude Include="..\..\public\query\DgTIQuery.h">
      <Filter>Public Headers\Query</Filter>
    </ClInclude>
    <ClInclude Include="..\..\public\query\DgFIQuery.h">
      <Filter>Public Headers\Query</Filter>
    </ClInclude>
    <ClInclude Include="..\..\public\query\DgQueryLinePlane.h">
      <Filter>Public Headers\Query</Filter>
    </ClInclude>
    <ClInclude Include="..\..\public\query\DgQueryPointLine.h">
      <Filter>Public Headers\Query</Filter>
    </ClInclude>
    <ClInclude Include="..\..\public\query\DgQueryLineLine.h">
      <Filter>Public Headers\Query</Filter>
    </ClInclude>
    <ClInclude Include="..\..\public\query\DgQueryPointPlane.h">
      <Filter>Public Headers\Query</Filter>
    </ClInclude>
  </ItemGroup>
  <ItemGroup>
    <None Include="..\..\public\DgMath.inl">
      <Filter>Public Headers</Filter>
    </None>
  </ItemGroup>
</Project>