<?xml version="1.0" encoding="utf-8"?>
<Project ToolsVersion="4.0" xmlns="http://schemas.microsoft.com/developer/msbuild/2003">
  <ItemGroup>
    <Filter Include="Source Files">
      <UniqueIdentifier>{4FC737F1-C7A5-4376-A066-2A32D752A2FF}</UniqueIdentifier>
      <Extensions>cpp;c;cc;cxx;def;odl;idl;hpj;bat;asm;asmx</Extensions>
    </Filter>
    <Filter Include="Resource Files">
      <UniqueIdentifier>{67DA6AB6-F800-4c08-8B7A-83BB121AAD01}</UniqueIdentifier>
      <Extensions>rc;ico;cur;bmp;dlg;rc2;rct;bin;rgs;gif;jpg;jpeg;jpe;resx;tiff;tif;png;wav;mfcribbon-ms</Extensions>
    </Filter>
    <Filter Include="Geomety 3D">
      <UniqueIdentifier>{99caceb7-2a4b-45d8-9969-6ec81e620cb8}</UniqueIdentifier>
    </Filter>
    <Filter Include="Public Headers">
      <UniqueIdentifier>{93995380-89BD-4b04-88EB-625FBE52EBFB}</UniqueIdentifier>
      <Extensions>h;hh;hpp;hxx;hm;inl;inc;xsd</Extensions>
    </Filter>
    <Filter Include="Public Headers\Query">
      <UniqueIdentifier>{34dd14d9-e48d-4266-adc0-d8b912b5e78c}</UniqueIdentifier>
    </Filter>
    <Filter Include="Public Headers\impl">
      <UniqueIdentifier>{45779bfd-869b-469f-9d46-7acb99ca5ffd}</UniqueIdentifier>
    </Filter>
    <Filter Include="Public Headers\R2">
      <UniqueIdentifier>{61bb3b04-cd65-46a1-9441-f36d0c1c7404}</UniqueIdentifier>
    </Filter>
    <Filter Include="Public Headers\R3">
      <UniqueIdentifier>{d65647a5-4b42-4004-9544-1670e6ae2f33}</UniqueIdentifier>
    </Filter>
    <Filter Include="Public Headers\Query\R2">
      <UniqueIdentifier>{bde5e934-ae23-490f-baa8-e62183e164ac}</UniqueIdentifier>
    </Filter>
    <Filter Include="Public Headers\Query\R3">
      <UniqueIdentifier>{0da85935-61d2-4a7d-abac-652dbb02fd85}</UniqueIdentifier>
    </Filter>
  </ItemGroup>
  <ItemGroup>
    <ClCompile Include="DgRNG.cpp">
      <Filter>Source Files</Filter>
    </ClCompile>
    <ClCompile Include="DgMath.cpp">
      <Filter>Source Files</Filter>
    </ClCompile>
  </ItemGroup>
  <ItemGroup>
    <ClInclude Include="..\..\public\DgBoundedSND.h">
      <Filter>Public Headers</Filter>
    </ClInclude>
    <ClInclude Include="..\..\public\DgMath.h">
      <Filter>Public Headers</Filter>
    </ClInclude>
    <ClInclude Include="..\..\public\DgMatrix.h">
      <Filter>Public Headers</Filter>
    </ClInclude>
    <ClInclude Include="..\..\public\DgRNG.h">
      <Filter>Public Headers</Filter>
    </ClInclude>
    <ClInclude Include="..\..\public\DgFixedPoint.h">
      <Filter>Public Headers</Filter>
    </ClInclude>
    <ClInclude Include="..\..\public\query\DgQueryCommon.h">
      <Filter>Public Headers\Query</Filter>
    </ClInclude>
    <ClInclude Include="..\..\public\impl\DgMath_impl.h">
      <Filter>Public Headers\impl</Filter>
    </ClInclude>
    <ClInclude Include="..\..\public\DgR2Line.h">
      <Filter>Public Headers\R2</Filter>
    </ClInclude>
    <ClInclude Include="..\..\public\DgR2Ray.h">
      <Filter>Public Headers\R2</Filter>
    </ClInclude>
    <ClInclude Include="..\..\public\DgR2Vector_ancillary.h">
      <Filter>Public Headers\R2</Filter>
    </ClInclude>
    <ClInclude Include="..\..\public\DgR2Matrix.h">
      <Filter>Public Headers\R2</Filter>
    </ClInclude>
    <ClInclude Include="..\..\public\DgR2Segment.h">
      <Filter>Public Headers\R2</Filter>
    </ClInclude>
    <ClInclude Include="..\..\public\DgR2Vector.h">
      <Filter>Public Headers\R2</Filter>
    </ClInclude>
    <ClInclude Include="..\..\public\DgR3VQS.h">
      <Filter>Public Headers\R3</Filter>
    </ClInclude>
    <ClInclude Include="..\..\public\DgR3Vector_ancillary.h">
      <Filter>Public Headers\R3</Filter>
    </ClInclude>
    <ClInclude Include="..\..\public\DgR3Vector.h">
      <Filter>Public Headers\R3</Filter>
    </ClInclude>
    <ClInclude Include="..\..\public\DgR3Sphere.h">
      <Filter>Public Headers\R3</Filter>
    </ClInclude>
    <ClInclude Include="..\..\public\DgR3Segment.h">
      <Filter>Public Headers\R3</Filter>
    </ClInclude>
    <ClInclude Include="..\..\public\DgR3Ray.h">
      <Filter>Public Headers\R3</Filter>
    </ClInclude>
    <ClInclude Include="..\..\public\DgR3Quaternion.h">
      <Filter>Public Headers\R3</Filter>
    </ClInclude>
    <ClInclude Include="..\..\public\DgR3Plane.h">
      <Filter>Public Headers\R3</Filter>
    </ClInclude>
    <ClInclude Include="..\..\public\DgR3OBB.h">
      <Filter>Public Headers\R3</Filter>
    </ClInclude>
    <ClInclude Include="..\..\public\DgR3Matrix.h">
      <Filter>Public Headers\R3</Filter>
    </ClInclude>
    <ClInclude Include="..\..\public\DgR3Line.h">
      <Filter>Public Headers\R3</Filter>
    </ClInclude>
    <ClInclude Include="..\..\public\DgR3Frustum.h">
      <Filter>Public Headers\R3</Filter>
    </ClInclude>
    <ClInclude Include="..\..\public\impl\DgQueryPointLine.h">
      <Filter>Public Headers\impl</Filter>
    </ClInclude>
    <ClInclude Include="..\..\public\impl\DgCPQuery.h">
      <Filter>Public Headers\impl</Filter>
    </ClInclude>
    <ClInclude Include="..\..\public\query\DgR3QueryPointLine.h">
      <Filter>Public Headers\Query\R3</Filter>
    </ClInclude>
    <ClInclude Include="..\..\public\query\DgR2QueryPointLine.h">
      <Filter>Public Headers\Query\R2</Filter>
    </ClInclude>
    <ClInclude Include="..\..\public\impl\DgFIQuery.h">
      <Filter>Public Headers\impl</Filter>
    </ClInclude>
    <ClInclude Include="..\..\public\impl\DgTIQuery.h">
      <Filter>Public Headers\impl</Filter>
    </ClInclude>
    <ClInclude Include="..\..\public\impl\DgQueryPointSegment.h">
      <Filter>Public Headers\impl</Filter>
    </ClInclude>
    <ClInclude Include="..\..\public\query\DgR2QueryPointSegment.h">
      <Filter>Public Headers\Query\R2</Filter>
    </ClInclude>
    <ClInclude Include="..\..\public\query\DgR3QueryPointSegment.h">
      <Filter>Public Headers\Query\R3</Filter>
    </ClInclude>
    <ClInclude Include="..\..\public\impl\DgQueryPointRay.h">
      <Filter>Public Headers\impl</Filter>
    </ClInclude>
    <ClInclude Include="..\..\public\query\DgR3QueryPointRay.h">
      <Filter>Public Headers\Query\R3</Filter>
    </ClInclude>
    <ClInclude Include="..\..\public\query\DgR2QueryPointRay.h">
      <Filter>Public Headers\Query\R2</Filter>
    </ClInclude>
    <ClInclude Include="..\..\public\impl\DgQuerySegmentSegment.h">
      <Filter>Public Headers\impl</Filter>
    </ClInclude>
    <ClInclude Include="..\..\public\query\DgR3QuerySegmentSegment.h">
      <Filter>Public Headers\Query\R3</Filter>
    </ClInclude>
    <ClInclude Include="..\..\public\query\DgR2QuerySegmentSegment.h">
      <Filter>Public Headers\Query\R2</Filter>
    </ClInclude>
    <ClInclude Include="..\..\public\impl\DgQueryFrustumSphere.h">
      <Filter>Public Headers\impl</Filter>
    </ClInclude>
    <ClInclude Include="..\..\public\query\DgR3QueryFrustumSphere.h">
      <Filter>Public Headers\Query\R3</Filter>
    </ClInclude>
    <ClInclude Include="..\..\public\impl\DgQueryLineLine.h">
      <Filter>Public Headers\impl</Filter>
    </ClInclude>
    <ClInclude Include="..\..\public\query\DgR3QueryLineLine.h">
      <Filter>Public Headers\Query\R3</Filter>
    </ClInclude>
    <ClInclude Include="..\..\public\query\DgR2QueryLineLine.h">
      <Filter>Public Headers\Query\R2</Filter>
    </ClInclude>
    <ClInclude Include="..\..\public\impl\DgQueryLinePlane.h">
      <Filter>Public Headers\impl</Filter>
    </ClInclude>
    <ClInclude Include="..\..\public\query\DgR3QueryLinePlane.h">
      <Filter>Public Headers\Query\R3</Filter>
    </ClInclude>
    <ClInclude Include="..\..\public\impl\DgQueryLineSphere.h">
      <Filter>Public Headers\impl</Filter>
    </ClInclude>
    <ClInclude Include="..\..\public\query\DgR3QueryLineSphere.h">
      <Filter>Public Headers\Query\R3</Filter>
    </ClInclude>
    <ClInclude Include="..\..\public\impl\DgLine_generic.h">
      <Filter>Public Headers\impl</Filter>
    </ClInclude>
    <ClInclude Include="..\..\public\impl\DgR2Vector_generic.h">
      <Filter>Public Headers\impl</Filter>
    </ClInclude>
    <ClInclude Include="..\..\public\impl\DgR3Vector_generic.h">
      <Filter>Public Headers\impl</Filter>
    </ClInclude>
    <ClInclude Include="..\..\public\impl\DgRay_generic.h">
      <Filter>Public Headers\impl</Filter>
    </ClInclude>
    <ClInclude Include="..\..\public\impl\DgSegment_generic.h">
      <Filter>Public Headers\impl</Filter>
    </ClInclude>
    <ClInclude Include="..\..\public\impl\DgVector_generic.h">
      <Filter>Public Headers\impl</Filter>
    </ClInclude>
    <ClInclude Include="..\..\public\impl\DgMatrix_generic.h">
      <Filter>Public Headers\impl</Filter>
    </ClInclude>
    <ClInclude Include="..\..\public\impl\DgR2Matrix_generic.h">
      <Filter>Public Headers\impl</Filter>
    </ClInclude>
    <ClInclude Include="..\..\public\impl\DgR3Matrix_generic.h">
      <Filter>Public Headers\impl</Filter>
    </ClInclude>
    <ClInclude Include="..\..\public\impl\DgQueryRayLine.h">
      <Filter>Public Headers\impl</Filter>
    </ClInclude>
    <ClInclude Include="..\..\public\query\DgR3QueryRayLine.h">
      <Filter>Public Headers\Query\R3</Filter>
    </ClInclude>
    <ClInclude Include="..\..\public\impl\DgR2QueryRayLine.h">
      <Filter>Public Headers\Query\R2</Filter>
    </ClInclude>
    <ClInclude Include="..\..\public\impl\DgQueryPointPlane.h">
      <Filter>Public Headers\impl</Filter>
    </ClInclude>
    <ClInclude Include="..\..\public\query\DgR3QueryPointPlane.h">
      <Filter>Public Headers\Query\R3</Filter>
    </ClInclude>
    <ClInclude Include="..\..\public\impl\DgQueryRayPlane.h">
      <Filter>Public Headers\impl</Filter>
    </ClInclude>
    <ClInclude Include="..\..\public\query\DgR3QueryRayPlane.h">
      <Filter>Public Headers\Query\R3</Filter>
    </ClInclude>
    <ClInclude Include="..\..\public\impl\DgQueryRayRay.h">
      <Filter>Public Headers\impl</Filter>
    </ClInclude>
    <ClInclude Include="..\..\public\query\DgR3QueryRayRay.h">
      <Filter>Public Headers\Query\R3</Filter>
    </ClInclude>
    <ClInclude Include="..\..\public\query\DgR2QueryRayRay.h">
      <Filter>Public Headers\Query\R2</Filter>
    </ClInclude>
    <ClInclude Include="..\..\public\impl\DgQuerySegmentLine.h">
      <Filter>Public Headers\impl</Filter>
    </ClInclude>
    <ClInclude Include="..\..\public\query\DgR3QuerySegmentLine.h">
      <Filter>Public Headers\Query\R3</Filter>
    </ClInclude>
    <ClInclude Include="..\..\public\query\DgR2QuerySegmentLine.h">
      <Filter>Public Headers\Query\R2</Filter>
    </ClInclude>
    <ClInclude Include="..\..\public\query\DgR3QuerySegmentPlane.h">
      <Filter>Public Headers\Query\R3</Filter>
    </ClInclude>
    <ClInclude Include="..\..\public\impl\DgQuerySegmentPlane.h">
      <Filter>Public Headers\impl</Filter>
    </ClInclude>
    <ClInclude Include="..\..\public\impl\DgQuerySegmentRay.h">
      <Filter>Public Headers\impl</Filter>
    </ClInclude>
    <ClInclude Include="..\..\public\query\DgR3QuerySegmentRay.h">
      <Filter>Public Headers\Query\R3</Filter>
    </ClInclude>
    <ClInclude Include="..\..\public\query\DgR2QuerySegmentRay.h">
      <Filter>Public Headers\Query\R2</Filter>
    </ClInclude>
    <ClInclude Include="..\..\public\impl\DgQuerySegmentSphere.h">
      <Filter>Public Headers\impl</Filter>
    </ClInclude>
    <ClInclude Include="..\..\public\query\DgR3QuerySegmentSphere.h">
      <Filter>Public Headers\Query\R3</Filter>
    </ClInclude>
    <ClInclude Include="..\..\public\impl\DgTriangle_generic.h">
      <Filter>Public Headers\impl</Filter>
    </ClInclude>
    <ClInclude Include="..\..\public\DgR2Triangle.h">
      <Filter>Public Headers\R2</Filter>
    </ClInclude>
    <ClInclude Include="..\..\public\DgR3Triangle.h">
      <Filter>Public Headers\R3</Filter>
    </ClInclude>
    <ClInclude Include="..\..\public\impl\DgQueryRayTriangle.h">
      <Filter>Public Headers\impl</Filter>
    </ClInclude>
    <ClInclude Include="..\..\public\query\DgR3QueryRayTriangle.h">
      <Filter>Public Headers\Query\R3</Filter>
    </ClInclude>
    <ClInclude Include="..\..\public\impl\DgQueryPointSphere.h">
      <Filter>Public Headers\impl</Filter>
    </ClInclude>
    <ClInclude Include="..\..\public\DgR2AABB.h">
      <Filter>Public Headers\R2</Filter>
    </ClInclude>
  </ItemGroup>
</Project>