<?xml version="1.0" encoding="utf-8"?>
<Project ToolsVersion="4.0" xmlns="http://schemas.microsoft.com/developer/msbuild/2003">
  <ItemGroup>
    <Filter Include="Source Files">
      <UniqueIdentifier>{4FC737F1-C7A5-4376-A066-2A32D752A2FF}</UniqueIdentifier>
      <Extensions>cpp;c;cc;cxx;def;odl;idl;hpj;bat;asm;asmx</Extensions>
    </Filter>
    <Filter Include="Resource Files">
      <UniqueIdentifier>{67DA6AB6-F800-4c08-8B7A-83BB121AAD01}</UniqueIdentifier>
      <Extensions>rc;ico;cur;bmp;dlg;rc2;rct;bin;rgs;gif;jpg;jpeg;jpe;resx;tiff;tif;png;wav;mfcribbon-ms</Extensions>
    </Filter>
    <Filter Include="Geomety 3D">
      <UniqueIdentifier>{99caceb7-2a4b-45d8-9969-6ec81e620cb8}</UniqueIdentifier>
    </Filter>
    <Filter Include="Public Headers">
      <UniqueIdentifier>{93995380-89BD-4b04-88EB-625FBE52EBFB}</UniqueIdentifier>
      <Extensions>h;hh;hpp;hxx;hm;inl;inc;xsd</Extensions>
    </Filter>
    <Filter Include="Public Headers\Query">
      <UniqueIdentifier>{34dd14d9-e48d-4266-adc0-d8b912b5e78c}</UniqueIdentifier>
    </Filter>
  </ItemGroup>
  <ItemGroup>
    <ClCompile Include="DgRNG.cpp">
      <Filter>Source Files</Filter>
    </ClCompile>
    <ClCompile Include="DgMath.cpp">
      <Filter>Source Files</Filter>
    </ClCompile>
  </ItemGroup>
  <ItemGroup>
    <ClInclude Include="..\..\public\DgBoundedSND.h">
      <Filter>Public Headers</Filter>
    </ClInclude>
    <ClInclude Include="..\..\public\DgMath.h">
      <Filter>Public Headers</Filter>
    </ClInclude>
    <ClInclude Include="..\..\public\DgMatrix.h">
      <Filter>Public Headers</Filter>
    </ClInclude>
    <ClInclude Include="..\..\public\DgRNG.h">
      <Filter>Public Headers</Filter>
    </ClInclude>
    <ClInclude Include="..\..\public\DgFixedPoint.h">
      <Filter>Public Headers</Filter>
    </ClInclude>
    <ClInclude Include="..\..\public\impl\DgMath_impl.h">
      <Filter>Public Headers</Filter>
    </ClInclude>
    <ClInclude Include="..\..\public\DgR3Frustum.h">
      <Filter>Public Headers</Filter>
    </ClInclude>
    <ClInclude Include="..\..\public\DgR3Line.h">
      <Filter>Public Headers</Filter>
    </ClInclude>
    <ClInclude Include="..\..\public\DgR2Matrix33.h">
      <Filter>Public Headers</Filter>
    </ClInclude>
    <ClInclude Include="..\..\public\DgR3Matrix44.h">
      <Filter>Public Headers</Filter>
    </ClInclude>
    <ClInclude Include="..\..\public\DgR3OBB.h">
      <Filter>Public Headers</Filter>
    </ClInclude>
    <ClInclude Include="..\..\public\DgR3Plane.h">
      <Filter>Public Headers</Filter>
    </ClInclude>
    <ClInclude Include="..\..\public\DgR3Quaternion.h">
      <Filter>Public Headers</Filter>
    </ClInclude>
    <ClInclude Include="..\..\public\DgR3Ray.h">
      <Filter>Public Headers</Filter>
    </ClInclude>
    <ClInclude Include="..\..\public\DgR3Segment.h">
      <Filter>Public Headers</Filter>
    </ClInclude>
    <ClInclude Include="..\..\public\DgR3Sphere.h">
      <Filter>Public Headers</Filter>
    </ClInclude>
    <ClInclude Include="..\..\public\DgR3Vector4.h">
      <Filter>Public Headers</Filter>
    </ClInclude>
    <ClInclude Include="..\..\public\DgR3Vector4_ancillary.h">
      <Filter>Public Headers</Filter>
    </ClInclude>
    <ClInclude Include="..\..\public\DgR3VQS.h">
      <Filter>Public Headers</Filter>
    </ClInclude>
    <ClInclude Include="..\..\public\DgR2Vector3.h">
      <Filter>Public Headers</Filter>
    </ClInclude>
    <ClInclude Include="..\..\public\query\DgR3QueryFrustumSphere.h">
      <Filter>Public Headers\Query</Filter>
    </ClInclude>
    <ClInclude Include="..\..\public\query\DgR3QueryLineLine.h">
      <Filter>Public Headers\Query</Filter>
    </ClInclude>
    <ClInclude Include="..\..\public\query\DgR3QueryLinePlane.h">
      <Filter>Public Headers\Query</Filter>
    </ClInclude>
    <ClInclude Include="..\..\public\query\DgR3QueryLineSphere.h">
      <Filter>Public Headers\Query</Filter>
    </ClInclude>
    <ClInclude Include="..\..\public\query\DgR3QueryPointLine.h">
      <Filter>Public Headers\Query</Filter>
    </ClInclude>
    <ClInclude Include="..\..\public\query\DgR3QueryPointPlane.h">
      <Filter>Public Headers\Query</Filter>
    </ClInclude>
    <ClInclude Include="..\..\public\query\DgR3QueryPointRay.h">
      <Filter>Public Headers\Query</Filter>
    </ClInclude>
    <ClInclude Include="..\..\public\query\DgR3QueryPointSegment.h">
      <Filter>Public Headers\Query</Filter>
    </ClInclude>
    <ClInclude Include="..\..\public\query\DgR3QueryRayLine.h">
      <Filter>Public Headers\Query</Filter>
    </ClInclude>
    <ClInclude Include="..\..\public\query\DgR3QueryRayPlane.h">
      <Filter>Public Headers\Query</Filter>
    </ClInclude>
    <ClInclude Include="..\..\public\query\DgR3QueryRayRay.h">
      <Filter>Public Headers\Query</Filter>
    </ClInclude>
    <ClInclude Include="..\..\public\query\DgR3QuerySegmentLine.h">
      <Filter>Public Headers\Query</Filter>
    </ClInclude>
    <ClInclude Include="..\..\public\query\DgR3QuerySegmentPlane.h">
      <Filter>Public Headers\Query</Filter>
    </ClInclude>
    <ClInclude Include="..\..\public\query\DgR3QuerySegmentRay.h">
      <Filter>Public Headers\Query</Filter>
    </ClInclude>
    <ClInclude Include="..\..\public\query\DgR3QuerySegmentSegment.h">
      <Filter>Public Headers\Query</Filter>
    </ClInclude>
    <ClInclude Include="..\..\public\query\DgR3QuerySegmentSphere.h">
      <Filter>Public Headers\Query</Filter>
    </ClInclude>
    <ClInclude Include="..\..\public\query\DgR3CPQuery.h">
      <Filter>Public Headers\Query</Filter>
    </ClInclude>
    <ClInclude Include="..\..\public\query\DgR3FIQuery.h">
      <Filter>Public Headers\Query</Filter>
    </ClInclude>
    <ClInclude Include="..\..\public\query\DgR3TIQuery.h">
      <Filter>Public Headers\Query</Filter>
    </ClInclude>
    <ClInclude Include="..\..\public\query\DgR2CPQuery.h">
      <Filter>Public Headers\Query</Filter>
    </ClInclude>
    <ClInclude Include="..\..\public\query\DgR2QuerySegmentSegment.h">
      <Filter>Public Headers\Query</Filter>
    </ClInclude>
    <ClInclude Include="..\..\public\query\DgQueryCommon.h">
      <Filter>Public Headers\Query</Filter>
    </ClInclude>
    <ClInclude Include="..\..\public\DgR2Vector3_ancillary.h">
      <Filter>Public Headers</Filter>
    </ClInclude>
    <ClInclude Include="..\..\public\query\DgR2TIQuery.h">
      <Filter>Public Headers\Query</Filter>
    </ClInclude>
    <ClInclude Include="..\..\public\query\DgR2QueryPointSegment.h">
      <Filter>Public Headers\Query</Filter>
    </ClInclude>
    <ClInclude Include="..\..\public\DgR2Line.h">
      <Filter>Public Headers</Filter>
    </ClInclude>
    <ClInclude Include="..\..\public\DgGeometryTypes.h">
      <Filter>Public Headers</Filter>
    </ClInclude>
    <ClInclude Include="..\..\public\DgR2Segment.h">
      <Filter>Public Headers</Filter>
    </ClInclude>
    <ClInclude Include="..\..\public\impl\DgSegment_general.h">
      <Filter>Public Headers</Filter>
    </ClInclude>
    <ClInclude Include="..\..\public\DgGeometryTypesR2.h">
      <Filter>Public Headers</Filter>
    </ClInclude>
    <ClInclude Include="..\..\public\DgGeometryTypesR3.h">
      <Filter>Public Headers</Filter>
    </ClInclude>
  </ItemGroup>
</Project>