<?xml version="1.0" encoding="utf-8"?>
<Project ToolsVersion="4.0" xmlns="http://schemas.microsoft.com/developer/msbuild/2003">
  <ItemGroup>
    <Filter Include="Source Files">
      <UniqueIdentifier>{4FC737F1-C7A5-4376-A066-2A32D752A2FF}</UniqueIdentifier>
      <Extensions>cpp;c;cc;cxx;def;odl;idl;hpj;bat;asm;asmx</Extensions>
    </Filter>
    <Filter Include="Header Files">
      <UniqueIdentifier>{93995380-89BD-4b04-88EB-625FBE52EBFB}</UniqueIdentifier>
      <Extensions>h;hh;hpp;hxx;hm;inl;inc;xsd</Extensions>
    </Filter>
    <Filter Include="Resource Files">
      <UniqueIdentifier>{67DA6AB6-F800-4c08-8B7A-83BB121AAD01}</UniqueIdentifier>
      <Extensions>rc;ico;cur;bmp;dlg;rc2;rct;bin;rgs;gif;jpg;jpeg;jpe;resx;tiff;tif;png;wav;mfcribbon-ms</Extensions>
    </Filter>
    <Filter Include="Tests">
      <UniqueIdentifier>{1a67e748-eea5-4b84-884b-ce3d7d3c0512}</UniqueIdentifier>
    </Filter>
    <Filter Include="Tests\Geometry">
      <UniqueIdentifier>{c206b245-dab0-462b-8086-adf6c18e7fef}</UniqueIdentifier>
    </Filter>
    <Filter Include="Tests\Containers">
      <UniqueIdentifier>{15c8a7f5-22e2-4a90-bcc0-594c92f69ca0}</UniqueIdentifier>
    </Filter>
  </ItemGroup>
  <ItemGroup>
    <ClCompile Include="main.cpp">
      <Filter>Source Files</Filter>
    </ClCompile>
    <ClCompile Include="TEST_BoundedSND.cpp">
      <Filter>Tests</Filter>
    </ClCompile>
    <ClCompile Include="TEST_math.cpp">
      <Filter>Tests</Filter>
    </ClCompile>
    <ClCompile Include="TEST_ResourceManager.cpp">
      <Filter>Tests</Filter>
    </ClCompile>
    <ClCompile Include="TEST_DgSharedPtr.cpp">
      <Filter>Tests</Filter>
    </ClCompile>
    <ClCompile Include="TEST_ParticleSystems.cpp">
      <Filter>Tests</Filter>
    </ClCompile>
    <ClCompile Include="TEST_DgParser_INI.cpp">
      <Filter>Tests</Filter>
    </ClCompile>
    <ClCompile Include="TEST_DgIDManager.cpp">
      <Filter>Tests</Filter>
    </ClCompile>
    <ClCompile Include="TEST_DGGrids.cpp">
      <Filter>Tests</Filter>
    </ClCompile>
    <ClCompile Include="TEST_DGFixedPoint.cpp">
      <Filter>Tests</Filter>
    </ClCompile>
    <ClCompile Include="NonPODTests.cpp">
      <Filter>Tests</Filter>
    </ClCompile>
    <ClCompile Include="TEST_DgR2_Matrix.cpp">
      <Filter>Tests\Geometry</Filter>
    </ClCompile>
    <ClCompile Include="TEST_DgR2_Vector.cpp">
      <Filter>Tests\Geometry</Filter>
    </ClCompile>
    <ClCompile Include="TEST_DgR3_Vector.cpp">
      <Filter>Tests\Geometry</Filter>
    </ClCompile>
    <ClCompile Include="TEST_DgR3_Matrix.cpp">
      <Filter>Tests\Geometry</Filter>
    </ClCompile>
    <ClCompile Include="TEST_DgR3_Quaternion.cpp">
      <Filter>Tests\Geometry</Filter>
    </ClCompile>
    <ClCompile Include="TEST_DgR3_VQS.cpp">
      <Filter>Tests\Geometry</Filter>
    </ClCompile>
    <ClCompile Include="TEST_DgR3_Line.cpp">
      <Filter>Tests\Geometry</Filter>
    </ClCompile>
    <ClCompile Include="TEST_DgR3_Frustum.cpp">
      <Filter>Tests\Geometry</Filter>
    </ClCompile>
    <ClCompile Include="TEST_Dg_Matrix.cpp">
      <Filter>Tests\Geometry</Filter>
    </ClCompile>
    <ClCompile Include="TEST_DgR3_Ray.cpp">
      <Filter>Tests\Geometry</Filter>
    </ClCompile>
    <ClCompile Include="TEST_DgR3_Sphere.cpp">
      <Filter>Tests\Geometry</Filter>
    </ClCompile>
    <ClCompile Include="TEST_DgR3_Plane.cpp">
      <Filter>Tests\Geometry</Filter>
    </ClCompile>
    <ClCompile Include="TEST_DgR3_Segment.cpp">
      <Filter>Tests\Geometry</Filter>
    </ClCompile>
    <ClCompile Include="TEST_DgR2_Segment.cpp">
      <Filter>Tests\Geometry</Filter>
    </ClCompile>
    <ClCompile Include="TEST_DgR3Triangle.cpp">
      <Filter>Tests\Geometry</Filter>
    </ClCompile>
    <ClCompile Include="TEST_DgR2_AABB.cpp">
      <Filter>Tests\Geometry</Filter>
    </ClCompile>
    <ClCompile Include="TEST_dg_list.cpp">
      <Filter>Tests\Containers</Filter>
    </ClCompile>
    <ClCompile Include="TEST_dg_map.cpp">
      <Filter>Tests\Containers</Filter>
    </ClCompile>
    <ClCompile Include="TEST_dg_set.cpp">
      <Filter>Tests\Containers</Filter>
    </ClCompile>
    <ClCompile Include="TEST_dg_vector.cpp">
      <Filter>Tests\Containers</Filter>
    </ClCompile>
    <ClCompile Include="TEST_dg_HashTable.cpp">
      <Filter>Tests\Containers</Filter>
    </ClCompile>
    <ClCompile Include="TEST_dg_QuadTree.cpp">
      <Filter>Tests\Containers</Filter>
    </ClCompile>
  </ItemGroup>
  <ItemGroup>
    <None Include="testini.ini">
      <Filter>Resource Files</Filter>
    </None>
  </ItemGroup>
  <ItemGroup>
    <Text Include="unit-test-results.txt">
      <Filter>Resource Files</Filter>
    </Text>
  </ItemGroup>
  <ItemGroup>
    <ClInclude Include="NonPODTests.h">
      <Filter>Tests</Filter>
    </ClInclude>
  </ItemGroup>
</Project>